Microsoft Visual Studio Solution File, Format Version 12.00
# Visual Studio Version 17
VisualStudioVersion = 17.5.2.0
MinimumVisualStudioVersion = 10.0.40219.1
Project("{2150E333-8FDC-42A3-9474-1A3956D46DE8}") = "tts_client", "tts_client", "{BB2C1DDF-6867-22F0-E354-01839CB52FF7}"
EndProject
Project("{FAE04EC0-301F-11D3-BF4B-00C04F79EFBC}") = "TtsClient", "tts_client\TtsClient.csproj", "{FC37EB44-CAF7-12F2-57BC-036816DD9A38}"
EndProject
Global
	GlobalSection(SolutionConfigurationPlatforms) = preSolution
		Debug|Any CPU = Debug|Any CPU
		Release|Any CPU = Release|Any CPU
	EndGlobalSection
	GlobalSection(ProjectConfigurationPlatforms) = postSolution
		{FC37EB44-CAF7-12F2-57BC-036816DD9A38}.Debug|Any CPU.ActiveCfg = Debug|Any CPU
		{FC37EB44-CAF7-12F2-57BC-036816DD9A38}.Debug|Any CPU.Build.0 = Debug|Any CPU
		{FC37EB44-CAF7-12F2-57BC-036816DD9A38}.Release|Any CPU.ActiveCfg = Release|Any CPU
		{FC37EB44-CAF7-12F2-57BC-036816DD9A38}.Release|Any CPU.Build.0 = Release|Any CPU
	EndGlobalSection
	GlobalSection(SolutionProperties) = preSolution
		HideSolutionNode = FALSE
	EndGlobalSection
	GlobalSection(NestedProjects) = preSolution
		{FC37EB44-CAF7-12F2-57BC-036816DD9A38} = {BB2C1DDF-6867-22F0-E354-01839CB52FF7}
	EndGlobalSection
	GlobalSection(ExtensibilityGlobals) = postSolution
		SolutionGuid = {B2AC1809-4E9E-4F42-A5AA-CDB4978241D1}
	EndGlobalSection
EndGlobal
